{
  "version": "2",
  "remote": {
    "https://deno.land/std@0.196.0/_util/diff.ts": "1a3c044aedf77647d6cac86b798c6417603361b66b54c53331b312caeb447aea",
    "https://deno.land/std@0.196.0/assert/_constants.ts": "8a9da298c26750b28b326b297316cdde860bc237533b07e1337c021379e6b2a9",
    "https://deno.land/std@0.196.0/assert/_format.ts": "a69126e8a469009adf4cf2a50af889aca364c349797e63174884a52ff75cf4c7",
    "https://deno.land/std@0.196.0/assert/assert_equals.ts": "a0ee60574e437bcab2dcb79af9d48dc88845f8fd559468d9c21b15fd638ef943",
    "https://deno.land/std@0.196.0/assert/assert_is_error.ts": "b4eae4e5d182272efc172bf28e2e30b86bb1650cd88aea059e5d2586d4160fb9",
    "https://deno.land/std@0.196.0/assert/assert_throws.ts": "63784e951475cb7bdfd59878cd25a0931e18f6dc32a6077c454b2cd94f4f4bcd",
    "https://deno.land/std@0.196.0/assert/assertion_error.ts": "4d0bde9b374dfbcbe8ac23f54f567b77024fb67dbb1906a852d67fe050d42f56",
    "https://deno.land/std@0.196.0/assert/equal.ts": "9f1a46d5993966d2596c44e5858eec821859b45f783a5ee2f7a695dfc12d8ece",
    "https://deno.land/std@0.196.0/fmt/colors.ts": "a7eecffdf3d1d54db890723b303847b6e0a1ab4b528ba6958b8f2e754cf1b3bc"
  },
  "npm": {
    "specifiers": {
      "@js-temporal/polyfill": "@js-temporal/polyfill@0.4.4",
      "calendar-date": "calendar-date@2.2.0",
      "dayjs": "dayjs@1.11.9",
      "temporal-polyfill@0.1.1": "temporal-polyfill@0.1.1"
    },
    "packages": {
      "@js-temporal/polyfill@0.4.4": {
        "integrity": "sha512-2X6bvghJ/JAoZO52lbgyAPFj8uCflhTo2g7nkFzEQdXd/D8rEeD4HtmTEpmtGCva260fcd66YNXBOYdnmHqSOg==",
        "dependencies": {
          "jsbi": "jsbi@4.3.0",
          "tslib": "tslib@2.6.1"
        }
      },
      "calendar-date@2.2.0": {
        "integrity": "sha512-19bwKdpjEbFlZdvk8uyGZEH40WJ8QkXbtLv9a4bfrH+qWUm7KIXoVSc4V7Fw+mVlJxepePg9DQ1etHCO1wGh0g==",
        "dependencies": {}
      },
      "dayjs@1.11.9": {
        "integrity": "sha512-QvzAURSbQ0pKdIye2txOzNaHmxtUBXerpY0FJsFXUMKbIZeFm5ht1LS/jFsrncjnmtv8HsG0W2g6c0zUjZWmpA==",
        "dependencies": {}
      },
      "jsbi@4.3.0": {
        "integrity": "sha512-SnZNcinB4RIcnEyZqFPdGPVgrg2AcnykiBy0sHVJQKHYeaLUvi3Exj+iaPpLnFVkDPZIV4U0yvgC9/R4uEAZ9g==",
        "dependencies": {}
      },
      "temporal-polyfill@0.1.1": {
        "integrity": "sha512-/5e4EVRA0wBI/bEhWLirSjwUg1lELhQyTXxw9zNbVhqjKvI9BLczs+3wtsoD9sn3HN2ImAMW5XJQwAiXgWT+GA==",
        "dependencies": {
          "temporal-spec": "temporal-spec@0.1.0"
        }
      },
      "temporal-spec@0.1.0": {
        "integrity": "sha512-sMNggMeS6trCgMQuudgFHhX1gtBK3e+AT1zGrMsFYG1wlqtRT5E9rcvm3I1iNlvHpJX/3DO6L4qtWAuEl/T04Q==",
        "dependencies": {}
      },
      "tslib@2.6.1": {
        "integrity": "sha512-t0hLfiEKfMUoqhG+U1oid7Pva4bbDPHYfJNiB7BiIjRkj1pyC++4N3huJfqY6aRH6VTB0rvtzQwjM4K6qpfOig==",
        "dependencies": {}
      }
    }
  }
}
